
Microsoft Visual Studio Solution File, Format Version 12.00
# Visual Studio Version 17
VisualStudioVersion = 17.7.34031.279
MinimumVisualStudioVersion = 10.0.40219.1
Project("{FAE04EC0-301F-11D3-BF4B-00C04F79EFBC}") = "Canteen.ver1", "Canteen.ver1.csproj", "{932D3AE5-CA05-475D-905A-966ED50DE93B}"
EndProject
Global
	GlobalSection(SolutionConfigurationPlatforms) = preSolution
		Debug|Any CPU = Debug|Any CPU
		Release|Any CPU = Release|Any CPU
	EndGlobalSection
	GlobalSection(ProjectConfigurationPlatforms) = postSolution
		{932D3AE5-CA05-475D-905A-966ED50DE93B}.Debug|Any CPU.ActiveCfg = Debug|Any CPU
		{932D3AE5-CA05-475D-905A-966ED50DE93B}.Debug|Any CPU.Build.0 = Debug|Any CPU
		{932D3AE5-CA05-475D-905A-966ED50DE93B}.Release|Any CPU.ActiveCfg = Release|Any CPU
		{932D3AE5-CA05-475D-905A-966ED50DE93B}.Release|Any CPU.Build.0 = Release|Any CPU
	EndGlobalSection
	GlobalSection(SolutionProperties) = preSolution
		HideSolutionNode = FALSE
	EndGlobalSection
	GlobalSection(ExtensibilityGlobals) = postSolution
		SolutionGuid = {11456BD5-4735-4649-90CD-55B8C45DD76D}
	EndGlobalSection
EndGlobal
